
Microsoft Visual Studio Solution File, Format Version 12.00
# Visual Studio 2013
VisualStudioVersion = 12.0.31101.0
MinimumVisualStudioVersion = 10.0.40219.1
Project("{FAE04EC0-301F-11D3-BF4B-00C04F79EFBC}") = "MortarFlowDemoApp", "MortarFlowDemoApp\MortarFlowDemoApp.csproj", "{73D8C68F-10DB-4263-9942-7E0B04236B38}"
EndProject
Project("{FAE04EC0-301F-11D3-BF4B-00C04F79EFBC}") = "BindingsLibrary1", "BindingsLibrary1\BindingsLibrary1.csproj", "{B65C13F0-174B-4C0D-AE56-022D7DE98DB8}"
EndProject
Project("{FAE04EC0-301F-11D3-BF4B-00C04F79EFBC}") = "BindingsLibrary2", "BindingsLibrary2\BindingsLibrary2.csproj", "{C1902BE3-A6C8-4613-B687-920366046F5D}"
EndProject
Global
	GlobalSection(SolutionConfigurationPlatforms) = preSolution
		Debug|Any CPU = Debug|Any CPU
		Release|Any CPU = Release|Any CPU
	EndGlobalSection
	GlobalSection(ProjectConfigurationPlatforms) = postSolution
		{73D8C68F-10DB-4263-9942-7E0B04236B38}.Debug|Any CPU.ActiveCfg = Debug|Any CPU
		{73D8C68F-10DB-4263-9942-7E0B04236B38}.Debug|Any CPU.Build.0 = Debug|Any CPU
		{73D8C68F-10DB-4263-9942-7E0B04236B38}.Debug|Any CPU.Deploy.0 = Debug|Any CPU
		{73D8C68F-10DB-4263-9942-7E0B04236B38}.Release|Any CPU.ActiveCfg = Release|Any CPU
		{73D8C68F-10DB-4263-9942-7E0B04236B38}.Release|Any CPU.Build.0 = Release|Any CPU
		{73D8C68F-10DB-4263-9942-7E0B04236B38}.Release|Any CPU.Deploy.0 = Release|Any CPU
		{B65C13F0-174B-4C0D-AE56-022D7DE98DB8}.Debug|Any CPU.ActiveCfg = Debug|Any CPU
		{B65C13F0-174B-4C0D-AE56-022D7DE98DB8}.Debug|Any CPU.Build.0 = Debug|Any CPU
		{B65C13F0-174B-4C0D-AE56-022D7DE98DB8}.Release|Any CPU.ActiveCfg = Release|Any CPU
		{B65C13F0-174B-4C0D-AE56-022D7DE98DB8}.Release|Any CPU.Build.0 = Release|Any CPU
		{C1902BE3-A6C8-4613-B687-920366046F5D}.Debug|Any CPU.ActiveCfg = Debug|Any CPU
		{C1902BE3-A6C8-4613-B687-920366046F5D}.Debug|Any CPU.Build.0 = Debug|Any CPU
		{C1902BE3-A6C8-4613-B687-920366046F5D}.Release|Any CPU.ActiveCfg = Release|Any CPU
		{C1902BE3-A6C8-4613-B687-920366046F5D}.Release|Any CPU.Build.0 = Release|Any CPU
	EndGlobalSection
	GlobalSection(SolutionProperties) = preSolution
		HideSolutionNode = FALSE
	EndGlobalSection
EndGlobal
